
Microsoft Visual Studio Solution File, Format Version 12.00
# Visual Studio 15
VisualStudioVersion = 15.0.28307.489
MinimumVisualStudioVersion = 10.0.40219.1
Project("{FAE04EC0-301F-11D3-BF4B-00C04F79EFBC}") = "Talban.SampleNote.Main", "Talban.SampleNote.Main\Talban.SampleNote.Main.csproj", "{1E519D4E-8820-437A-AD0A-8DF199063AB6}"
EndProject
Project("{FAE04EC0-301F-11D3-BF4B-00C04F79EFBC}") = "Talban.SampleNote.Module.ExcelAPI", "ExcelAPI\Talban.SampleNote.Module.ExcelAPI.csproj", "{BF2FDCD5-45A5-4A64-A3D7-A7FC613425BA}"
EndProject
Project("{FAE04EC0-301F-11D3-BF4B-00C04F79EFBC}") = "Talban.SampleNote.Modules.SQLiteAPI", "Talban.SampleNote.Modules.SQLiteAPI\Talban.SampleNote.Modules.SQLiteAPI.csproj", "{2FF9B37F-0BEB-40DB-8469-42D08FCF650E}"
EndProject
Global
	GlobalSection(SolutionConfigurationPlatforms) = preSolution
		Debug|Any CPU = Debug|Any CPU
		Release|Any CPU = Release|Any CPU
	EndGlobalSection
	GlobalSection(ProjectConfigurationPlatforms) = postSolution
		{1E519D4E-8820-437A-AD0A-8DF199063AB6}.Debug|Any CPU.ActiveCfg = Debug|Any CPU
		{1E519D4E-8820-437A-AD0A-8DF199063AB6}.Debug|Any CPU.Build.0 = Debug|Any CPU
		{1E519D4E-8820-437A-AD0A-8DF199063AB6}.Release|Any CPU.ActiveCfg = Release|Any CPU
		{1E519D4E-8820-437A-AD0A-8DF199063AB6}.Release|Any CPU.Build.0 = Release|Any CPU
		{BF2FDCD5-45A5-4A64-A3D7-A7FC613425BA}.Debug|Any CPU.ActiveCfg = Debug|Any CPU
		{BF2FDCD5-45A5-4A64-A3D7-A7FC613425BA}.Debug|Any CPU.Build.0 = Debug|Any CPU
		{BF2FDCD5-45A5-4A64-A3D7-A7FC613425BA}.Release|Any CPU.ActiveCfg = Release|Any CPU
		{BF2FDCD5-45A5-4A64-A3D7-A7FC613425BA}.Release|Any CPU.Build.0 = Release|Any CPU
		{2FF9B37F-0BEB-40DB-8469-42D08FCF650E}.Debug|Any CPU.ActiveCfg = Debug|Any CPU
		{2FF9B37F-0BEB-40DB-8469-42D08FCF650E}.Debug|Any CPU.Build.0 = Debug|Any CPU
		{2FF9B37F-0BEB-40DB-8469-42D08FCF650E}.Release|Any CPU.ActiveCfg = Release|Any CPU
		{2FF9B37F-0BEB-40DB-8469-42D08FCF650E}.Release|Any CPU.Build.0 = Release|Any CPU
	EndGlobalSection
	GlobalSection(SolutionProperties) = preSolution
		HideSolutionNode = FALSE
	EndGlobalSection
	GlobalSection(ExtensibilityGlobals) = postSolution
		SolutionGuid = {CDE59725-A102-4E36-A816-2BEC238413DD}
	EndGlobalSection
EndGlobal
